// !$*UTF8*$!
{
	archiveVersion = 1;
	classes = {
	};
	objectVersion = 46;
	objects = {

/* Begin PBXBuildFile section */
		2C08F48817B29B4E00748CB5 /* libAnMessage.a in Frameworks */ = {isa = PBXBuildFile; fileRef = 2C08F48717B29B4E00748CB5 /* libAnMessage.a */; };
		68F4C90B1884114B00C52B51 /* MobileCoreServices.framework in Frameworks */ = {isa = PBXBuildFile; fileRef = 68F4C90A1884114B00C52B51 /* MobileCoreServices.framework */; };
		68F4C91118841A5600C52B51 /* navbaricon_back.png in Resources */ = {isa = PBXBuildFile; fileRef = 68F4C90D18841A5600C52B51 /* navbaricon_back.png */; };
		68F4C91218841A5600C52B51 /* navbaricon_close.png in Resources */ = {isa = PBXBuildFile; fileRef = 68F4C90E18841A5600C52B51 /* navbaricon_close.png */; };
		68F4C91318841A5600C52B51 /* navbaricon_logout.png in Resources */ = {isa = PBXBuildFile; fileRef = 68F4C90F18841A5600C52B51 /* navbaricon_logout.png */; };
		68F4C91418841A5600C52B51 /* navbaricon_news.png in Resources */ = {isa = PBXBuildFile; fileRef = 68F4C91018841A5600C52B51 /* navbaricon_news.png */; };
		68F4C91818841C0D00C52B51 /* appicon-57.png in Resources */ = {isa = PBXBuildFile; fileRef = 68F4C91518841C0D00C52B51 /* appicon-57.png */; };
		68F4C91918841C0D00C52B51 /* appicon-114.png in Resources */ = {isa = PBXBuildFile; fileRef = 68F4C91618841C0D00C52B51 /* appicon-114.png */; };
		68F4C91A18841C0D00C52B51 /* appicon-120.png in Resources */ = {isa = PBXBuildFile; fileRef = 68F4C91718841C0D00C52B51 /* appicon-120.png */; };
		68F4C922188423EC00C52B51 /* 640x1136.png in Resources */ = {isa = PBXBuildFile; fileRef = 68F4C91C188423EC00C52B51 /* 640x1136.png */; };
		68F4C923188423EC00C52B51 /* 640x960.png in Resources */ = {isa = PBXBuildFile; fileRef = 68F4C91D188423EC00C52B51 /* 640x960.png */; };
		68F4C924188423EC00C52B51 /* loading_indicator_bg.png in Resources */ = {isa = PBXBuildFile; fileRef = 68F4C91E188423EC00C52B51 /* loading_indicator_bg.png */; };
		68F4C925188423EC00C52B51 /* loading_indicator_done.png in Resources */ = {isa = PBXBuildFile; fileRef = 68F4C91F188423EC00C52B51 /* loading_indicator_done.png */; };
		68F4C926188423EC00C52B51 /* login_bu_down.png in Resources */ = {isa = PBXBuildFile; fileRef = 68F4C920188423EC00C52B51 /* login_bu_down.png */; };
		68F4C927188423EC00C52B51 /* login_bu_up.png in Resources */ = {isa = PBXBuildFile; fileRef = 68F4C921188423EC00C52B51 /* login_bu_up.png */; };
		68F4C92A18842BF400C52B51 /* LightspeedAPIManager.m in Sources */ = {isa = PBXBuildFile; fileRef = 68F4C92918842BF400C52B51 /* LightspeedAPIManager.m */; };
		68F4C92D18843CEC00C52B51 /* LSTalkLoadingIndicatorView.m in Sources */ = {isa = PBXBuildFile; fileRef = 68F4C92C18843CEC00C52B51 /* LSTalkLoadingIndicatorView.m */; };
		801DC43C171E7FFE00910387 /* bg_640x1136.png in Resources */ = {isa = PBXBuildFile; fileRef = 801DC433171E7FFE00910387 /* bg_640x1136.png */; };
		801DC43D171E7FFE00910387 /* bg_640x960.png in Resources */ = {isa = PBXBuildFile; fileRef = 801DC434171E7FFE00910387 /* bg_640x960.png */; };
		801DC43E171E7FFE00910387 /* bu_email.png in Resources */ = {isa = PBXBuildFile; fileRef = 801DC435171E7FFE00910387 /* bu_email.png */; };
		801DC43F171E7FFE00910387 /* bu_password.png in Resources */ = {isa = PBXBuildFile; fileRef = 801DC436171E7FFE00910387 /* bu_password.png */; };
		801DC440171E7FFE00910387 /* login_down.png in Resources */ = {isa = PBXBuildFile; fileRef = 801DC437171E7FFE00910387 /* login_down.png */; };
		801DC441171E7FFE00910387 /* login_up.png in Resources */ = {isa = PBXBuildFile; fileRef = 801DC438171E7FFE00910387 /* login_up.png */; };
		801DC442171E7FFE00910387 /* push_down.png in Resources */ = {isa = PBXBuildFile; fileRef = 801DC439171E7FFE00910387 /* push_down.png */; };
		801DC443171E7FFE00910387 /* push_gray.png in Resources */ = {isa = PBXBuildFile; fileRef = 801DC43A171E7FFE00910387 /* push_gray.png */; };
		801DC444171E7FFE00910387 /* push_up.png in Resources */ = {isa = PBXBuildFile; fileRef = 801DC43B171E7FFE00910387 /* push_up.png */; };
		801DC447171E848C00910387 /* appicon.png in Resources */ = {isa = PBXBuildFile; fileRef = 801DC445171E848C00910387 /* appicon.png */; };
		801DC448171E848C00910387 /* appicon@2x.png in Resources */ = {isa = PBXBuildFile; fileRef = 801DC446171E848C00910387 /* appicon@2x.png */; };
		8032BF6F188399CF00D81F89 /* LSPushGenericNaviController.m in Sources */ = {isa = PBXBuildFile; fileRef = 8032BF6E188399CF00D81F89 /* LSPushGenericNaviController.m */; };
		8032BF7818839A7E00D81F89 /* HXNavItemButton.m in Sources */ = {isa = PBXBuildFile; fileRef = 8032BF7318839A7E00D81F89 /* HXNavItemButton.m */; };
		8032BF7918839A7E00D81F89 /* PlaceholderTextView.m in Sources */ = {isa = PBXBuildFile; fileRef = 8032BF7518839A7E00D81F89 /* PlaceholderTextView.m */; };
		8032BF7A18839A7E00D81F89 /* UICommonUtility.m in Sources */ = {isa = PBXBuildFile; fileRef = 8032BF7718839A7E00D81F89 /* UICommonUtility.m */; };
		8032BF7F18839D4700D81F89 /* LSPushSenderViewController.m in Sources */ = {isa = PBXBuildFile; fileRef = 8032BF7E18839D4700D81F89 /* LSPushSenderViewController.m */; };
		8032BFA11883A63B00D81F89 /* delete_down.png in Resources */ = {isa = PBXBuildFile; fileRef = 8032BF811883A63B00D81F89 /* delete_down.png */; };
		8032BFA21883A63B00D81F89 /* delete_up.png in Resources */ = {isa = PBXBuildFile; fileRef = 8032BF821883A63B00D81F89 /* delete_up.png */; };
		8032BFA31883A63B00D81F89 /* push_bu01_disable.png in Resources */ = {isa = PBXBuildFile; fileRef = 8032BF831883A63B00D81F89 /* push_bu01_disable.png */; };
		8032BFA41883A63B00D81F89 /* push_bu01_down.png in Resources */ = {isa = PBXBuildFile; fileRef = 8032BF841883A63B00D81F89 /* push_bu01_down.png */; };
		8032BFA51883A63B00D81F89 /* push_bu01_up.png in Resources */ = {isa = PBXBuildFile; fileRef = 8032BF851883A63B00D81F89 /* push_bu01_up.png */; };
		8032BFA61883A63B00D81F89 /* push_bu01.png in Resources */ = {isa = PBXBuildFile; fileRef = 8032BF861883A63B00D81F89 /* push_bu01.png */; };
		8032BFA71883A63B00D81F89 /* push_bu02_disable.png in Resources */ = {isa = PBXBuildFile; fileRef = 8032BF871883A63B00D81F89 /* push_bu02_disable.png */; };
		8032BFA81883A63B00D81F89 /* push_bu02_down.png in Resources */ = {isa = PBXBuildFile; fileRef = 8032BF881883A63B00D81F89 /* push_bu02_down.png */; };
		8032BFA91883A63B00D81F89 /* push_bu02_up.png in Resources */ = {isa = PBXBuildFile; fileRef = 8032BF891883A63B00D81F89 /* push_bu02_up.png */; };
		8032BFAA1883A63B00D81F89 /* push_bu02.png in Resources */ = {isa = PBXBuildFile; fileRef = 8032BF8A1883A63B00D81F89 /* push_bu02.png */; };
		8032BFAB1883A63B00D81F89 /* push_bu03_disable.png in Resources */ = {isa = PBXBuildFile; fileRef = 8032BF8B1883A63B00D81F89 /* push_bu03_disable.png */; };
		8032BFAC1883A63B00D81F89 /* push_bu03_down.png in Resources */ = {isa = PBXBuildFile; fileRef = 8032BF8C1883A63B00D81F89 /* push_bu03_down.png */; };
		8032BFAD1883A63B00D81F89 /* push_bu03_up.png in Resources */ = {isa = PBXBuildFile; fileRef = 8032BF8D1883A63B00D81F89 /* push_bu03_up.png */; };
		8032BFAE1883A63B00D81F89 /* push_bu03.png in Resources */ = {isa = PBXBuildFile; fileRef = 8032BF8E1883A63B00D81F89 /* push_bu03.png */; };
		8032BFAF1883A63B00D81F89 /* push_bu04_disable.png in Resources */ = {isa = PBXBuildFile; fileRef = 8032BF8F1883A63B00D81F89 /* push_bu04_disable.png */; };
		8032BFB01883A63B00D81F89 /* push_bu04_down.png in Resources */ = {isa = PBXBuildFile; fileRef = 8032BF901883A63B00D81F89 /* push_bu04_down.png */; };
		8032BFB11883A63B00D81F89 /* push_bu04_up.png in Resources */ = {isa = PBXBuildFile; fileRef = 8032BF911883A63B00D81F89 /* push_bu04_up.png */; };
		8032BFB21883A63B00D81F89 /* push_bu04.png in Resources */ = {isa = PBXBuildFile; fileRef = 8032BF921883A63B00D81F89 /* push_bu04.png */; };
		8032BFB31883A63B00D81F89 /* push_bu05_disable.png in Resources */ = {isa = PBXBuildFile; fileRef = 8032BF931883A63B00D81F89 /* push_bu05_disable.png */; };
		8032BFB41883A63B00D81F89 /* push_bu05_down.png in Resources */ = {isa = PBXBuildFile; fileRef = 8032BF941883A63B00D81F89 /* push_bu05_down.png */; };
		8032BFB51883A63B00D81F89 /* push_bu05_up.png in Resources */ = {isa = PBXBuildFile; fileRef = 8032BF951883A63B00D81F89 /* push_bu05_up.png */; };
		8032BFB61883A63B00D81F89 /* push_bu05.png in Resources */ = {isa = PBXBuildFile; fileRef = 8032BF961883A63B00D81F89 /* push_bu05.png */; };
		8032BFB71883A63B00D81F89 /* tabicon_image_select.png in Resources */ = {isa = PBXBuildFile; fileRef = 8032BF971883A63B00D81F89 /* tabicon_image_select.png */; };
		8032BFB81883A63B00D81F89 /* tabicon_image_up.png in Resources */ = {isa = PBXBuildFile; fileRef = 8032BF981883A63B00D81F89 /* tabicon_image_up.png */; };
		8032BFB91883A63B00D81F89 /* tabicon_innerlink_select.png in Resources */ = {isa = PBXBuildFile; fileRef = 8032BF991883A63B00D81F89 /* tabicon_innerlink_select.png */; };
		8032BFBA1883A63B00D81F89 /* tabicon_innerlink_up.png in Resources */ = {isa = PBXBuildFile; fileRef = 8032BF9A1883A63B00D81F89 /* tabicon_innerlink_up.png */; };
		8032BFBB1883A63B00D81F89 /* tabicon_link_select.png in Resources */ = {isa = PBXBuildFile; fileRef = 8032BF9B1883A63B00D81F89 /* tabicon_link_select.png */; };
		8032BFBC1883A63B00D81F89 /* tabicon_link_up.png in Resources */ = {isa = PBXBuildFile; fileRef = 8032BF9C1883A63B00D81F89 /* tabicon_link_up.png */; };
		8032BFBD1883A63B00D81F89 /* tabicon_message_select.png in Resources */ = {isa = PBXBuildFile; fileRef = 8032BF9D1883A63B00D81F89 /* tabicon_message_select.png */; };
		8032BFBE1883A63B00D81F89 /* tabicon_message_up.png in Resources */ = {isa = PBXBuildFile; fileRef = 8032BF9E1883A63B00D81F89 /* tabicon_message_up.png */; };
		8032BFBF1883A63B00D81F89 /* tabicon_video_select.png in Resources */ = {isa = PBXBuildFile; fileRef = 8032BF9F1883A63B00D81F89 /* tabicon_video_select.png */; };
		8032BFC01883A63B00D81F89 /* tabicon_video_up.png in Resources */ = {isa = PBXBuildFile; fileRef = 8032BFA01883A63B00D81F89 /* tabicon_video_up.png */; };
		8032BFC31883A68C00D81F89 /* LSPushSendTextPushView.m in Sources */ = {isa = PBXBuildFile; fileRef = 8032BFC21883A68C00D81F89 /* LSPushSendTextPushView.m */; };
		8032BFC61883A6A100D81F89 /* LSPushSendLinkPushView.m in Sources */ = {isa = PBXBuildFile; fileRef = 8032BFC51883A6A100D81F89 /* LSPushSendLinkPushView.m */; };
		8032BFC91883A6C800D81F89 /* LSPushSendImagePushView.m in Sources */ = {isa = PBXBuildFile; fileRef = 8032BFC81883A6C800D81F89 /* LSPushSendImagePushView.m */; };
		8032BFCC1883A6E000D81F89 /* LSPushSendInnerLinkPushView.m in Sources */ = {isa = PBXBuildFile; fileRef = 8032BFCB1883A6E000D81F89 /* LSPushSendInnerLinkPushView.m */; };
		8032BFD21883A73100D81F89 /* LSPushSendVideoPushView.m in Sources */ = {isa = PBXBuildFile; fileRef = 8032BFD11883A73100D81F89 /* LSPushSendVideoPushView.m */; };
		80B24038171E4D2E0095E870 /* UIKit.framework in Frameworks */ = {isa = PBXBuildFile; fileRef = 80B24037171E4D2E0095E870 /* UIKit.framework */; };
		80B2403A171E4D2E0095E870 /* Foundation.framework in Frameworks */ = {isa = PBXBuildFile; fileRef = 80B24039171E4D2E0095E870 /* Foundation.framework */; };
		80B2403C171E4D2E0095E870 /* CoreGraphics.framework in Frameworks */ = {isa = PBXBuildFile; fileRef = 80B2403B171E4D2E0095E870 /* CoreGraphics.framework */; };
		80B24042171E4D2E0095E870 /* InfoPlist.strings in Resources */ = {isa = PBXBuildFile; fileRef = 80B24040171E4D2E0095E870 /* InfoPlist.strings */; };
		80B24044171E4D2E0095E870 /* main.m in Sources */ = {isa = PBXBuildFile; fileRef = 80B24043171E4D2E0095E870 /* main.m */; };
		80B24048171E4D2E0095E870 /* LSPushAppDelegate.m in Sources */ = {isa = PBXBuildFile; fileRef = 80B24047171E4D2E0095E870 /* LSPushAppDelegate.m */; };
		80B2404A171E4D2E0095E870 /* Default.png in Resources */ = {isa = PBXBuildFile; fileRef = 80B24049171E4D2E0095E870 /* Default.png */; };
		80B2404C171E4D2E0095E870 /* Default@2x.png in Resources */ = {isa = PBXBuildFile; fileRef = 80B2404B171E4D2E0095E870 /* Default@2x.png */; };
		80B2404E171E4D2E0095E870 /* Default-568h@2x.png in Resources */ = {isa = PBXBuildFile; fileRef = 80B2404D171E4D2E0095E870 /* Default-568h@2x.png */; };
		80B24051171E4D2E0095E870 /* MainStoryboard.storyboard in Resources */ = {isa = PBXBuildFile; fileRef = 80B2404F171E4D2E0095E870 /* MainStoryboard.storyboard */; };
		80B24054171E4D2E0095E870 /* ViewController.m in Sources */ = {isa = PBXBuildFile; fileRef = 80B24053171E4D2E0095E870 /* ViewController.m */; };
		80B24061171E4EDA0095E870 /* Security.framework in Frameworks */ = {isa = PBXBuildFile; fileRef = 80B24060171E4EDA0095E870 /* Security.framework */; };
		80B670F01724E8BA00C6D57C /* AudioToolbox.framework in Frameworks */ = {isa = PBXBuildFile; fileRef = 80B670EF1724E8BA00C6D57C /* AudioToolbox.framework */; };
/* End PBXBuildFile section */

/* Begin PBXFileReference section */
		2C08F48517B29B4E00748CB5 /* AnIM.h */ = {isa = PBXFileReference; fileEncoding = 4; lastKnownFileType = sourcecode.c.h; path = AnIM.h; sourceTree = "<group>"; };
		2C08F48617B29B4E00748CB5 /* AnPush.h */ = {isa = PBXFileReference; fileEncoding = 4; lastKnownFileType = sourcecode.c.h; path = AnPush.h; sourceTree = "<group>"; };
		2C08F48717B29B4E00748CB5 /* libAnMessage.a */ = {isa = PBXFileReference; lastKnownFileType = archive.ar; path = libAnMessage.a; sourceTree = "<group>"; };
		2C5C0748171EFFA300C3B50D /* LightspeedCredentials.h */ = {isa = PBXFileReference; lastKnownFileType = sourcecode.c.h; path = LightspeedCredentials.h; sourceTree = "<group>"; };
		68F4C90A1884114B00C52B51 /* MobileCoreServices.framework */ = {isa = PBXFileReference; lastKnownFileType = wrapper.framework; name = MobileCoreServices.framework; path = System/Library/Frameworks/MobileCoreServices.framework; sourceTree = SDKROOT; };
		68F4C90D18841A5600C52B51 /* navbaricon_back.png */ = {isa = PBXFileReference; lastKnownFileType = image.png; path = navbaricon_back.png; sourceTree = "<group>"; };
		68F4C90E18841A5600C52B51 /* navbaricon_close.png */ = {isa = PBXFileReference; lastKnownFileType = image.png; path = navbaricon_close.png; sourceTree = "<group>"; };
		68F4C90F18841A5600C52B51 /* navbaricon_logout.png */ = {isa = PBXFileReference; lastKnownFileType = image.png; path = navbaricon_logout.png; sourceTree = "<group>"; };
		68F4C91018841A5600C52B51 /* navbaricon_news.png */ = {isa = PBXFileReference; lastKnownFileType = image.png; path = navbaricon_news.png; sourceTree = "<group>"; };
		68F4C91518841C0D00C52B51 /* appicon-57.png */ = {isa = PBXFileReference; lastKnownFileType = image.png; path = "appicon-57.png"; sourceTree = "<group>"; };
		68F4C91618841C0D00C52B51 /* appicon-114.png */ = {isa = PBXFileReference; lastKnownFileType = image.png; path = "appicon-114.png"; sourceTree = "<group>"; };
		68F4C91718841C0D00C52B51 /* appicon-120.png */ = {isa = PBXFileReference; lastKnownFileType = image.png; path = "appicon-120.png"; sourceTree = "<group>"; };
		68F4C91C188423EC00C52B51 /* 640x1136.png */ = {isa = PBXFileReference; lastKnownFileType = image.png; path = 640x1136.png; sourceTree = "<group>"; };
		68F4C91D188423EC00C52B51 /* 640x960.png */ = {isa = PBXFileReference; lastKnownFileType = image.png; path = 640x960.png; sourceTree = "<group>"; };
		68F4C91E188423EC00C52B51 /* loading_indicator_bg.png */ = {isa = PBXFileReference; lastKnownFileType = image.png; path = loading_indicator_bg.png; sourceTree = "<group>"; };
		68F4C91F188423EC00C52B51 /* loading_indicator_done.png */ = {isa = PBXFileReference; lastKnownFileType = image.png; path = loading_indicator_done.png; sourceTree = "<group>"; };
		68F4C920188423EC00C52B51 /* login_bu_down.png */ = {isa = PBXFileReference; lastKnownFileType = image.png; path = login_bu_down.png; sourceTree = "<group>"; };
		68F4C921188423EC00C52B51 /* login_bu_up.png */ = {isa = PBXFileReference; lastKnownFileType = image.png; path = login_bu_up.png; sourceTree = "<group>"; };
		68F4C92818842BF400C52B51 /* LightspeedAPIManager.h */ = {isa = PBXFileReference; fileEncoding = 4; lastKnownFileType = sourcecode.c.h; path = LightspeedAPIManager.h; sourceTree = "<group>"; };
		68F4C92918842BF400C52B51 /* LightspeedAPIManager.m */ = {isa = PBXFileReference; fileEncoding = 4; lastKnownFileType = sourcecode.c.objc; path = LightspeedAPIManager.m; sourceTree = "<group>"; };
		68F4C92B18843CEC00C52B51 /* LSTalkLoadingIndicatorView.h */ = {isa = PBXFileReference; fileEncoding = 4; lastKnownFileType = sourcecode.c.h; name = LSTalkLoadingIndicatorView.h; path = LSPush/modules/common/LSTalkLoadingIndicatorView.h; sourceTree = "<group>"; };
		68F4C92C18843CEC00C52B51 /* LSTalkLoadingIndicatorView.m */ = {isa = PBXFileReference; fileEncoding = 4; lastKnownFileType = sourcecode.c.objc; name = LSTalkLoadingIndicatorView.m; path = LSPush/modules/common/LSTalkLoadingIndicatorView.m; sourceTree = "<group>"; };
		801DC430171E797600910387 /* LSPush.entitlements */ = {isa = PBXFileReference; lastKnownFileType = text.xml; path = LSPush.entitlements; sourceTree = "<group>"; };
		801DC433171E7FFE00910387 /* bg_640x1136.png */ = {isa = PBXFileReference; lastKnownFileType = image.png; name = bg_640x1136.png; path = LSPush/images/bg_640x1136.png; sourceTree = "<group>"; };
		801DC434171E7FFE00910387 /* bg_640x960.png */ = {isa = PBXFileReference; lastKnownFileType = image.png; name = bg_640x960.png; path = LSPush/images/bg_640x960.png; sourceTree = "<group>"; };
		801DC435171E7FFE00910387 /* bu_email.png */ = {isa = PBXFileReference; lastKnownFileType = image.png; name = bu_email.png; path = LSPush/images/bu_email.png; sourceTree = "<group>"; };
		801DC436171E7FFE00910387 /* bu_password.png */ = {isa = PBXFileReference; lastKnownFileType = image.png; name = bu_password.png; path = LSPush/images/bu_password.png; sourceTree = "<group>"; };
		801DC437171E7FFE00910387 /* login_down.png */ = {isa = PBXFileReference; lastKnownFileType = image.png; name = login_down.png; path = LSPush/images/login_down.png; sourceTree = "<group>"; };
		801DC438171E7FFE00910387 /* login_up.png */ = {isa = PBXFileReference; lastKnownFileType = image.png; name = login_up.png; path = LSPush/images/login_up.png; sourceTree = "<group>"; };
		801DC439171E7FFE00910387 /* push_down.png */ = {isa = PBXFileReference; lastKnownFileType = image.png; name = push_down.png; path = LSPush/images/push_down.png; sourceTree = "<group>"; };
		801DC43A171E7FFE00910387 /* push_gray.png */ = {isa = PBXFileReference; lastKnownFileType = image.png; name = push_gray.png; path = LSPush/images/push_gray.png; sourceTree = "<group>"; };
		801DC43B171E7FFE00910387 /* push_up.png */ = {isa = PBXFileReference; lastKnownFileType = image.png; name = push_up.png; path = LSPush/images/push_up.png; sourceTree = "<group>"; };
		801DC445171E848C00910387 /* appicon.png */ = {isa = PBXFileReference; lastKnownFileType = image.png; name = appicon.png; path = LSPush/images/appicon.png; sourceTree = "<group>"; };
		801DC446171E848C00910387 /* appicon@2x.png */ = {isa = PBXFileReference; lastKnownFileType = image.png; name = "appicon@2x.png"; path = "LSPush/images/appicon@2x.png"; sourceTree = "<group>"; };
		8032BF6D188399CF00D81F89 /* LSPushGenericNaviController.h */ = {isa = PBXFileReference; fileEncoding = 4; lastKnownFileType = sourcecode.c.h; path = LSPushGenericNaviController.h; sourceTree = "<group>"; };
		8032BF6E188399CF00D81F89 /* LSPushGenericNaviController.m */ = {isa = PBXFileReference; fileEncoding = 4; lastKnownFileType = sourcecode.c.objc; path = LSPushGenericNaviController.m; sourceTree = "<group>"; };
		8032BF7218839A7E00D81F89 /* HXNavItemButton.h */ = {isa = PBXFileReference; fileEncoding = 4; lastKnownFileType = sourcecode.c.h; name = HXNavItemButton.h; path = LSPush/modules/common/HXNavItemButton.h; sourceTree = "<group>"; };
		8032BF7318839A7E00D81F89 /* HXNavItemButton.m */ = {isa = PBXFileReference; fileEncoding = 4; lastKnownFileType = sourcecode.c.objc; name = HXNavItemButton.m; path = LSPush/modules/common/HXNavItemButton.m; sourceTree = "<group>"; };
		8032BF7418839A7E00D81F89 /* PlaceholderTextView.h */ = {isa = PBXFileReference; fileEncoding = 4; lastKnownFileType = sourcecode.c.h; name = PlaceholderTextView.h; path = LSPush/modules/common/PlaceholderTextView.h; sourceTree = "<group>"; };
		8032BF7518839A7E00D81F89 /* PlaceholderTextView.m */ = {isa = PBXFileReference; fileEncoding = 4; lastKnownFileType = sourcecode.c.objc; name = PlaceholderTextView.m; path = LSPush/modules/common/PlaceholderTextView.m; sourceTree = "<group>"; };
		8032BF7618839A7E00D81F89 /* UICommonUtility.h */ = {isa = PBXFileReference; fileEncoding = 4; lastKnownFileType = sourcecode.c.h; name = UICommonUtility.h; path = LSPush/modules/common/UICommonUtility.h; sourceTree = "<group>"; };
		8032BF7718839A7E00D81F89 /* UICommonUtility.m */ = {isa = PBXFileReference; fileEncoding = 4; lastKnownFileType = sourcecode.c.objc; name = UICommonUtility.m; path = LSPush/modules/common/UICommonUtility.m; sourceTree = "<group>"; };
		8032BF7D18839D4700D81F89 /* LSPushSenderViewController.h */ = {isa = PBXFileReference; fileEncoding = 4; lastKnownFileType = sourcecode.c.h; name = LSPushSenderViewController.h; path = LSPush/modules/sender/LSPushSenderViewController.h; sourceTree = "<group>"; };
		8032BF7E18839D4700D81F89 /* LSPushSenderViewController.m */ = {isa = PBXFileReference; fileEncoding = 4; lastKnownFileType = sourcecode.c.objc; name = LSPushSenderViewController.m; path = LSPush/modules/sender/LSPushSenderViewController.m; sourceTree = "<group>"; };
		8032BF811883A63B00D81F89 /* delete_down.png */ = {isa = PBXFileReference; lastKnownFileType = image.png; name = delete_down.png; path = LSPush/images/sender/delete_down.png; sourceTree = "<group>"; };
		8032BF821883A63B00D81F89 /* delete_up.png */ = {isa = PBXFileReference; lastKnownFileType = image.png; name = delete_up.png; path = LSPush/images/sender/delete_up.png; sourceTree = "<group>"; };
		8032BF831883A63B00D81F89 /* push_bu01_disable.png */ = {isa = PBXFileReference; lastKnownFileType = image.png; name = push_bu01_disable.png; path = LSPush/images/sender/push_bu01_disable.png; sourceTree = "<group>"; };
		8032BF841883A63B00D81F89 /* push_bu01_down.png */ = {isa = PBXFileReference; lastKnownFileType = image.png; name = push_bu01_down.png; path = LSPush/images/sender/push_bu01_down.png; sourceTree = "<group>"; };
		8032BF851883A63B00D81F89 /* push_bu01_up.png */ = {isa = PBXFileReference; lastKnownFileType = image.png; name = push_bu01_up.png; path = LSPush/images/sender/push_bu01_up.png; sourceTree = "<group>"; };
		8032BF861883A63B00D81F89 /* push_bu01.png */ = {isa = PBXFileReference; lastKnownFileType = image.png; name = push_bu01.png; path = LSPush/images/sender/push_bu01.png; sourceTree = "<group>"; };
		8032BF871883A63B00D81F89 /* push_bu02_disable.png */ = {isa = PBXFileReference; lastKnownFileType = image.png; name = push_bu02_disable.png; path = LSPush/images/sender/push_bu02_disable.png; sourceTree = "<group>"; };
		8032BF881883A63B00D81F89 /* push_bu02_down.png */ = {isa = PBXFileReference; lastKnownFileType = image.png; name = push_bu02_down.png; path = LSPush/images/sender/push_bu02_down.png; sourceTree = "<group>"; };
		8032BF891883A63B00D81F89 /* push_bu02_up.png */ = {isa = PBXFileReference; lastKnownFileType = image.png; name = push_bu02_up.png; path = LSPush/images/sender/push_bu02_up.png; sourceTree = "<group>"; };
		8032BF8A1883A63B00D81F89 /* push_bu02.png */ = {isa = PBXFileReference; lastKnownFileType = image.png; name = push_bu02.png; path = LSPush/images/sender/push_bu02.png; sourceTree = "<group>"; };
		8032BF8B1883A63B00D81F89 /* push_bu03_disable.png */ = {isa = PBXFileReference; lastKnownFileType = image.png; name = push_bu03_disable.png; path = LSPush/images/sender/push_bu03_disable.png; sourceTree = "<group>"; };
		8032BF8C1883A63B00D81F89 /* push_bu03_down.png */ = {isa = PBXFileReference; lastKnownFileType = image.png; name = push_bu03_down.png; path = LSPush/images/sender/push_bu03_down.png; sourceTree = "<group>"; };
		8032BF8D1883A63B00D81F89 /* push_bu03_up.png */ = {isa = PBXFileReference; lastKnownFileType = image.png; name = push_bu03_up.png; path = LSPush/images/sender/push_bu03_up.png; sourceTree = "<group>"; };
		8032BF8E1883A63B00D81F89 /* push_bu03.png */ = {isa = PBXFileReference; lastKnownFileType = image.png; name = push_bu03.png; path = LSPush/images/sender/push_bu03.png; sourceTree = "<group>"; };
		8032BF8F1883A63B00D81F89 /* push_bu04_disable.png */ = {isa = PBXFileReference; lastKnownFileType = image.png; name = push_bu04_disable.png; path = LSPush/images/sender/push_bu04_disable.png; sourceTree = "<group>"; };
		8032BF901883A63B00D81F89 /* push_bu04_down.png */ = {isa = PBXFileReference; lastKnownFileType = image.png; name = push_bu04_down.png; path = LSPush/images/sender/push_bu04_down.png; sourceTree = "<group>"; };
		8032BF911883A63B00D81F89 /* push_bu04_up.png */ = {isa = PBXFileReference; lastKnownFileType = image.png; name = push_bu04_up.png; path = LSPush/images/sender/push_bu04_up.png; sourceTree = "<group>"; };
		8032BF921883A63B00D81F89 /* push_bu04.png */ = {isa = PBXFileReference; lastKnownFileType = image.png; name = push_bu04.png; path = LSPush/images/sender/push_bu04.png; sourceTree = "<group>"; };
		8032BF931883A63B00D81F89 /* push_bu05_disable.png */ = {isa = PBXFileReference; lastKnownFileType = image.png; name = push_bu05_disable.png; path = LSPush/images/sender/push_bu05_disable.png; sourceTree = "<group>"; };
		8032BF941883A63B00D81F89 /* push_bu05_down.png */ = {isa = PBXFileReference; lastKnownFileType = image.png; name = push_bu05_down.png; path = LSPush/images/sender/push_bu05_down.png; sourceTree = "<group>"; };
		8032BF951883A63B00D81F89 /* push_bu05_up.png */ = {isa = PBXFileReference; lastKnownFileType = image.png; name = push_bu05_up.png; path = LSPush/images/sender/push_bu05_up.png; sourceTree = "<group>"; };
		8032BF961883A63B00D81F89 /* push_bu05.png */ = {isa = PBXFileReference; lastKnownFileType = image.png; name = push_bu05.png; path = LSPush/images/sender/push_bu05.png; sourceTree = "<group>"; };
		8032BF971883A63B00D81F89 /* tabicon_image_select.png */ = {isa = PBXFileReference; lastKnownFileType = image.png; name = tabicon_image_select.png; path = LSPush/images/sender/tabicon_image_select.png; sourceTree = "<group>"; };
		8032BF981883A63B00D81F89 /* tabicon_image_up.png */ = {isa = PBXFileReference; lastKnownFileType = image.png; name = tabicon_image_up.png; path = LSPush/images/sender/tabicon_image_up.png; sourceTree = "<group>"; };
		8032BF991883A63B00D81F89 /* tabicon_innerlink_select.png */ = {isa = PBXFileReference; lastKnownFileType = image.png; name = tabicon_innerlink_select.png; path = LSPush/images/sender/tabicon_innerlink_select.png; sourceTree = "<group>"; };
		8032BF9A1883A63B00D81F89 /* tabicon_innerlink_up.png */ = {isa = PBXFileReference; lastKnownFileType = image.png; name = tabicon_innerlink_up.png; path = LSPush/images/sender/tabicon_innerlink_up.png; sourceTree = "<group>"; };
		8032BF9B1883A63B00D81F89 /* tabicon_link_select.png */ = {isa = PBXFileReference; lastKnownFileType = image.png; name = tabicon_link_select.png; path = LSPush/images/sender/tabicon_link_select.png; sourceTree = "<group>"; };
		8032BF9C1883A63B00D81F89 /* tabicon_link_up.png */ = {isa = PBXFileReference; lastKnownFileType = image.png; name = tabicon_link_up.png; path = LSPush/images/sender/tabicon_link_up.png; sourceTree = "<group>"; };
		8032BF9D1883A63B00D81F89 /* tabicon_message_select.png */ = {isa = PBXFileReference; lastKnownFileType = image.png; name = tabicon_message_select.png; path = LSPush/images/sender/tabicon_message_select.png; sourceTree = "<group>"; };
		8032BF9E1883A63B00D81F89 /* tabicon_message_up.png */ = {isa = PBXFileReference; lastKnownFileType = image.png; name = tabicon_message_up.png; path = LSPush/images/sender/tabicon_message_up.png; sourceTree = "<group>"; };
		8032BF9F1883A63B00D81F89 /* tabicon_video_select.png */ = {isa = PBXFileReference; lastKnownFileType = image.png; name = tabicon_video_select.png; path = LSPush/images/sender/tabicon_video_select.png; sourceTree = "<group>"; };
		8032BFA01883A63B00D81F89 /* tabicon_video_up.png */ = {isa = PBXFileReference; lastKnownFileType = image.png; name = tabicon_video_up.png; path = LSPush/images/sender/tabicon_video_up.png; sourceTree = "<group>"; };
		8032BFC11883A68C00D81F89 /* LSPushSendTextPushView.h */ = {isa = PBXFileReference; fileEncoding = 4; lastKnownFileType = sourcecode.c.h; name = LSPushSendTextPushView.h; path = LSPush/modules/sender/LSPushSendTextPushView.h; sourceTree = "<group>"; };
		8032BFC21883A68C00D81F89 /* LSPushSendTextPushView.m */ = {isa = PBXFileReference; fileEncoding = 4; lastKnownFileType = sourcecode.c.objc; name = LSPushSendTextPushView.m; path = LSPush/modules/sender/LSPushSendTextPushView.m; sourceTree = "<group>"; };
		8032BFC41883A6A100D81F89 /* LSPushSendLinkPushView.h */ = {isa = PBXFileReference; fileEncoding = 4; lastKnownFileType = sourcecode.c.h; name = LSPushSendLinkPushView.h; path = LSPush/modules/sender/LSPushSendLinkPushView.h; sourceTree = "<group>"; };
		8032BFC51883A6A100D81F89 /* LSPushSendLinkPushView.m */ = {isa = PBXFileReference; fileEncoding = 4; lastKnownFileType = sourcecode.c.objc; name = LSPushSendLinkPushView.m; path = LSPush/modules/sender/LSPushSendLinkPushView.m; sourceTree = "<group>"; };
		8032BFC71883A6C800D81F89 /* LSPushSendImagePushView.h */ = {isa = PBXFileReference; fileEncoding = 4; lastKnownFileType = sourcecode.c.h; name = LSPushSendImagePushView.h; path = LSPush/modules/sender/LSPushSendImagePushView.h; sourceTree = "<group>"; };
		8032BFC81883A6C800D81F89 /* LSPushSendImagePushView.m */ = {isa = PBXFileReference; fileEncoding = 4; lastKnownFileType = sourcecode.c.objc; name = LSPushSendImagePushView.m; path = LSPush/modules/sender/LSPushSendImagePushView.m; sourceTree = "<group>"; };
		8032BFCA1883A6E000D81F89 /* LSPushSendInnerLinkPushView.h */ = {isa = PBXFileReference; fileEncoding = 4; lastKnownFileType = sourcecode.c.h; name = LSPushSendInnerLinkPushView.h; path = LSPush/modules/sender/LSPushSendInnerLinkPushView.h; sourceTree = "<group>"; };
		8032BFCB1883A6E000D81F89 /* LSPushSendInnerLinkPushView.m */ = {isa = PBXFileReference; fileEncoding = 4; lastKnownFileType = sourcecode.c.objc; name = LSPushSendInnerLinkPushView.m; path = LSPush/modules/sender/LSPushSendInnerLinkPushView.m; sourceTree = "<group>"; };
		8032BFD01883A73100D81F89 /* LSPushSendVideoPushView.h */ = {isa = PBXFileReference; fileEncoding = 4; lastKnownFileType = sourcecode.c.h; name = LSPushSendVideoPushView.h; path = LSPush/modules/sender/LSPushSendVideoPushView.h; sourceTree = "<group>"; };
		8032BFD11883A73100D81F89 /* LSPushSendVideoPushView.m */ = {isa = PBXFileReference; fileEncoding = 4; lastKnownFileType = sourcecode.c.objc; name = LSPushSendVideoPushView.m; path = LSPush/modules/sender/LSPushSendVideoPushView.m; sourceTree = "<group>"; };
		80B24034171E4D2E0095E870 /* LSPush.app */ = {isa = PBXFileReference; explicitFileType = wrapper.application; includeInIndex = 0; path = LSPush.app; sourceTree = BUILT_PRODUCTS_DIR; };
		80B24037171E4D2E0095E870 /* UIKit.framework */ = {isa = PBXFileReference; lastKnownFileType = wrapper.framework; name = UIKit.framework; path = System/Library/Frameworks/UIKit.framework; sourceTree = SDKROOT; };
		80B24039171E4D2E0095E870 /* Foundation.framework */ = {isa = PBXFileReference; lastKnownFileType = wrapper.framework; name = Foundation.framework; path = System/Library/Frameworks/Foundation.framework; sourceTree = SDKROOT; };
		80B2403B171E4D2E0095E870 /* CoreGraphics.framework */ = {isa = PBXFileReference; lastKnownFileType = wrapper.framework; name = CoreGraphics.framework; path = System/Library/Frameworks/CoreGraphics.framework; sourceTree = SDKROOT; };
		80B2403F171E4D2E0095E870 /* LSPush-Info.plist */ = {isa = PBXFileReference; lastKnownFileType = text.plist.xml; path = "LSPush-Info.plist"; sourceTree = "<group>"; };
		80B24041171E4D2E0095E870 /* en */ = {isa = PBXFileReference; lastKnownFileType = text.plist.strings; name = en; path = en.lproj/InfoPlist.strings; sourceTree = "<group>"; };
		80B24043171E4D2E0095E870 /* main.m */ = {isa = PBXFileReference; lastKnownFileType = sourcecode.c.objc; path = main.m; sourceTree = "<group>"; };
		80B24045171E4D2E0095E870 /* LSPush-Prefix.pch */ = {isa = PBXFileReference; lastKnownFileType = sourcecode.c.h; path = "LSPush-Prefix.pch"; sourceTree = "<group>"; };
		80B24046171E4D2E0095E870 /* LSPushAppDelegate.h */ = {isa = PBXFileReference; lastKnownFileType = sourcecode.c.h; path = LSPushAppDelegate.h; sourceTree = "<group>"; };
		80B24047171E4D2E0095E870 /* LSPushAppDelegate.m */ = {isa = PBXFileReference; lastKnownFileType = sourcecode.c.objc; path = LSPushAppDelegate.m; sourceTree = "<group>"; };
		80B24049171E4D2E0095E870 /* Default.png */ = {isa = PBXFileReference; lastKnownFileType = image.png; path = Default.png; sourceTree = "<group>"; };
		80B2404B171E4D2E0095E870 /* Default@2x.png */ = {isa = PBXFileReference; lastKnownFileType = image.png; path = "Default@2x.png"; sourceTree = "<group>"; };
		80B2404D171E4D2E0095E870 /* Default-568h@2x.png */ = {isa = PBXFileReference; lastKnownFileType = image.png; path = "Default-568h@2x.png"; sourceTree = "<group>"; };
		80B24050171E4D2E0095E870 /* en */ = {isa = PBXFileReference; lastKnownFileType = file.storyboard; name = en; path = en.lproj/MainStoryboard.storyboard; sourceTree = "<group>"; };
		80B24052171E4D2E0095E870 /* ViewController.h */ = {isa = PBXFileReference; lastKnownFileType = sourcecode.c.h; path = ViewController.h; sourceTree = "<group>"; };
		80B24053171E4D2E0095E870 /* ViewController.m */ = {isa = PBXFileReference; lastKnownFileType = sourcecode.c.objc; path = ViewController.m; sourceTree = "<group>"; };
		80B24060171E4EDA0095E870 /* Security.framework */ = {isa = PBXFileReference; lastKnownFileType = wrapper.framework; name = Security.framework; path = System/Library/Frameworks/Security.framework; sourceTree = SDKROOT; };
		80B670EF1724E8BA00C6D57C /* AudioToolbox.framework */ = {isa = PBXFileReference; lastKnownFileType = wrapper.framework; name = AudioToolbox.framework; path = System/Library/Frameworks/AudioToolbox.framework; sourceTree = SDKROOT; };
/* End PBXFileReference section */

/* Begin PBXFrameworksBuildPhase section */
		80B24031171E4D2E0095E870 /* Frameworks */ = {
			isa = PBXFrameworksBuildPhase;
			buildActionMask = 2147483647;
			files = (
				68F4C90B1884114B00C52B51 /* MobileCoreServices.framework in Frameworks */,
				80B670F01724E8BA00C6D57C /* AudioToolbox.framework in Frameworks */,
				80B24061171E4EDA0095E870 /* Security.framework in Frameworks */,
				80B24038171E4D2E0095E870 /* UIKit.framework in Frameworks */,
				80B2403A171E4D2E0095E870 /* Foundation.framework in Frameworks */,
				80B2403C171E4D2E0095E870 /* CoreGraphics.framework in Frameworks */,
				2C08F48817B29B4E00748CB5 /* libAnMessage.a in Frameworks */,
			);
			runOnlyForDeploymentPostprocessing = 0;
		};
/* End PBXFrameworksBuildPhase section */

/* Begin PBXGroup section */
		2C08F48317B29B4E00748CB5 /* include */ = {
			isa = PBXGroup;
			children = (
				2C08F48417B29B4E00748CB5 /* AnMessage */,
			);
			path = include;
			sourceTree = "<group>";
		};
		2C08F48417B29B4E00748CB5 /* AnMessage */ = {
			isa = PBXGroup;
			children = (
				2C08F48517B29B4E00748CB5 /* AnIM.h */,
				2C08F48617B29B4E00748CB5 /* AnPush.h */,
			);
			path = AnMessage;
			sourceTree = "<group>";
		};
		68F4C90C18841A5600C52B51 /* navicon */ = {
			isa = PBXGroup;
			children = (
				68F4C90D18841A5600C52B51 /* navbaricon_back.png */,
				68F4C90E18841A5600C52B51 /* navbaricon_close.png */,
				68F4C90F18841A5600C52B51 /* navbaricon_logout.png */,
				68F4C91018841A5600C52B51 /* navbaricon_news.png */,
			);
			name = navicon;
			path = LSPush/images/navicon;
			sourceTree = "<group>";
		};
		68F4C91B188423EC00C52B51 /* login */ = {
			isa = PBXGroup;
			children = (
				68F4C91C188423EC00C52B51 /* 640x1136.png */,
				68F4C91D188423EC00C52B51 /* 640x960.png */,
				68F4C91E188423EC00C52B51 /* loading_indicator_bg.png */,
				68F4C91F188423EC00C52B51 /* loading_indicator_done.png */,
				68F4C920188423EC00C52B51 /* login_bu_down.png */,
				68F4C921188423EC00C52B51 /* login_bu_up.png */,
			);
			name = login;
			path = LSPush/images/login;
			sourceTree = "<group>";
		};
		801DC431171E7FEA00910387 /* Images */ = {
			isa = PBXGroup;
			children = (
				68F4C91B188423EC00C52B51 /* login */,
				68F4C90C18841A5600C52B51 /* navicon */,
				8032BF801883A63300D81F89 /* sender */,
				801DC445171E848C00910387 /* appicon.png */,
				801DC446171E848C00910387 /* appicon@2x.png */,
				801DC433171E7FFE00910387 /* bg_640x1136.png */,
				801DC434171E7FFE00910387 /* bg_640x960.png */,
				801DC435171E7FFE00910387 /* bu_email.png */,
				801DC436171E7FFE00910387 /* bu_password.png */,
				801DC437171E7FFE00910387 /* login_down.png */,
				801DC438171E7FFE00910387 /* login_up.png */,
				801DC439171E7FFE00910387 /* push_down.png */,
				801DC43A171E7FFE00910387 /* push_gray.png */,
				801DC43B171E7FFE00910387 /* push_up.png */,
			);
			name = Images;
			sourceTree = "<group>";
		};
		8032BF7018839A6A00D81F89 /* modules */ = {
			isa = PBXGroup;
			children = (
				8032BF7B18839B1000D81F89 /* sender */,
				8032BF7C18839C3000D81F89 /* receiver */,
				8032BF7118839A7300D81F89 /* common */,
			);
			name = modules;
			sourceTree = "<group>";
		};
		8032BF7118839A7300D81F89 /* common */ = {
			isa = PBXGroup;
			children = (
				8032BF7218839A7E00D81F89 /* HXNavItemButton.h */,
				8032BF7318839A7E00D81F89 /* HXNavItemButton.m */,
				8032BF7418839A7E00D81F89 /* PlaceholderTextView.h */,
				8032BF7518839A7E00D81F89 /* PlaceholderTextView.m */,
				68F4C92B18843CEC00C52B51 /* LSTalkLoadingIndicatorView.h */,
				68F4C92C18843CEC00C52B51 /* LSTalkLoadingIndicatorView.m */,
				8032BF7618839A7E00D81F89 /* UICommonUtility.h */,
				8032BF7718839A7E00D81F89 /* UICommonUtility.m */,
			);
			name = common;
			sourceTree = "<group>";
		};
		8032BF7B18839B1000D81F89 /* sender */ = {
			isa = PBXGroup;
			children = (
				8032BF7D18839D4700D81F89 /* LSPushSenderViewController.h */,
				8032BF7E18839D4700D81F89 /* LSPushSenderViewController.m */,
				8032BFC11883A68C00D81F89 /* LSPushSendTextPushView.h */,
				8032BFC21883A68C00D81F89 /* LSPushSendTextPushView.m */,
				8032BFC41883A6A100D81F89 /* LSPushSendLinkPushView.h */,
				8032BFC51883A6A100D81F89 /* LSPushSendLinkPushView.m */,
				8032BFC71883A6C800D81F89 /* LSPushSendImagePushView.h */,
				8032BFC81883A6C800D81F89 /* LSPushSendImagePushView.m */,
				8032BFCA1883A6E000D81F89 /* LSPushSendInnerLinkPushView.h */,
				8032BFCB1883A6E000D81F89 /* LSPushSendInnerLinkPushView.m */,
				8032BFD01883A73100D81F89 /* LSPushSendVideoPushView.h */,
				8032BFD11883A73100D81F89 /* LSPushSendVideoPushView.m */,
			);
			name = sender;
			sourceTree = "<group>";
		};
		8032BF7C18839C3000D81F89 /* receiver */ = {
			isa = PBXGroup;
			children = (
			);
			name = receiver;
			sourceTree = "<group>";
		};
		8032BF801883A63300D81F89 /* sender */ = {
			isa = PBXGroup;
			children = (
				8032BF811883A63B00D81F89 /* delete_down.png */,
				8032BF821883A63B00D81F89 /* delete_up.png */,
				8032BF831883A63B00D81F89 /* push_bu01_disable.png */,
				8032BF841883A63B00D81F89 /* push_bu01_down.png */,
				8032BF851883A63B00D81F89 /* push_bu01_up.png */,
				8032BF861883A63B00D81F89 /* push_bu01.png */,
				8032BF871883A63B00D81F89 /* push_bu02_disable.png */,
				8032BF881883A63B00D81F89 /* push_bu02_down.png */,
				8032BF891883A63B00D81F89 /* push_bu02_up.png */,
				8032BF8A1883A63B00D81F89 /* push_bu02.png */,
				8032BF8B1883A63B00D81F89 /* push_bu03_disable.png */,
				8032BF8C1883A63B00D81F89 /* push_bu03_down.png */,
				8032BF8D1883A63B00D81F89 /* push_bu03_up.png */,
				8032BF8E1883A63B00D81F89 /* push_bu03.png */,
				8032BF8F1883A63B00D81F89 /* push_bu04_disable.png */,
				8032BF901883A63B00D81F89 /* push_bu04_down.png */,
				8032BF911883A63B00D81F89 /* push_bu04_up.png */,
				8032BF921883A63B00D81F89 /* push_bu04.png */,
				8032BF931883A63B00D81F89 /* push_bu05_disable.png */,
				8032BF941883A63B00D81F89 /* push_bu05_down.png */,
				8032BF951883A63B00D81F89 /* push_bu05_up.png */,
				8032BF961883A63B00D81F89 /* push_bu05.png */,
				8032BF971883A63B00D81F89 /* tabicon_image_select.png */,
				8032BF981883A63B00D81F89 /* tabicon_image_up.png */,
				8032BF991883A63B00D81F89 /* tabicon_innerlink_select.png */,
				8032BF9A1883A63B00D81F89 /* tabicon_innerlink_up.png */,
				8032BF9B1883A63B00D81F89 /* tabicon_link_select.png */,
				8032BF9C1883A63B00D81F89 /* tabicon_link_up.png */,
				8032BF9D1883A63B00D81F89 /* tabicon_message_select.png */,
				8032BF9E1883A63B00D81F89 /* tabicon_message_up.png */,
				8032BF9F1883A63B00D81F89 /* tabicon_video_select.png */,
				8032BFA01883A63B00D81F89 /* tabicon_video_up.png */,
			);
			name = sender;
			sourceTree = "<group>";
		};
		80AD25171720DE4600FAFD39 /* LightspeedSDK2.0 */ = {
			isa = PBXGroup;
			children = (
				2C08F48317B29B4E00748CB5 /* include */,
				2C08F48717B29B4E00748CB5 /* libAnMessage.a */,
			);
			path = LightspeedSDK2.0;
			sourceTree = "<group>";
		};
		80B2402B171E4D2E0095E870 = {
			isa = PBXGroup;
			children = (
				80B2403D171E4D2E0095E870 /* LSPush */,
				8032BF7018839A6A00D81F89 /* modules */,
				80AD25171720DE4600FAFD39 /* LightspeedSDK2.0 */,
				801DC431171E7FEA00910387 /* Images */,
				80B24036171E4D2E0095E870 /* Frameworks */,
				80B24035171E4D2E0095E870 /* Products */,
			);
			sourceTree = "<group>";
		};
		80B24035171E4D2E0095E870 /* Products */ = {
			isa = PBXGroup;
			children = (
				80B24034171E4D2E0095E870 /* LSPush.app */,
			);
			name = Products;
			sourceTree = "<group>";
		};
		80B24036171E4D2E0095E870 /* Frameworks */ = {
			isa = PBXGroup;
			children = (
				68F4C90A1884114B00C52B51 /* MobileCoreServices.framework */,
				80B670EF1724E8BA00C6D57C /* AudioToolbox.framework */,
				80B24060171E4EDA0095E870 /* Security.framework */,
				80B24037171E4D2E0095E870 /* UIKit.framework */,
				80B24039171E4D2E0095E870 /* Foundation.framework */,
				80B2403B171E4D2E0095E870 /* CoreGraphics.framework */,
			);
			name = Frameworks;
			sourceTree = "<group>";
		};
		80B2403D171E4D2E0095E870 /* LSPush */ = {
			isa = PBXGroup;
			children = (
				68F4C91518841C0D00C52B51 /* appicon-57.png */,
				68F4C91618841C0D00C52B51 /* appicon-114.png */,
				68F4C91718841C0D00C52B51 /* appicon-120.png */,
				801DC430171E797600910387 /* LSPush.entitlements */,
				2C5C0748171EFFA300C3B50D /* LightspeedCredentials.h */,
				80B24046171E4D2E0095E870 /* LSPushAppDelegate.h */,
				80B24047171E4D2E0095E870 /* LSPushAppDelegate.m */,
				80B2404F171E4D2E0095E870 /* MainStoryboard.storyboard */,
				80B24052171E4D2E0095E870 /* ViewController.h */,
				80B24053171E4D2E0095E870 /* ViewController.m */,
				8032BF6D188399CF00D81F89 /* LSPushGenericNaviController.h */,
				8032BF6E188399CF00D81F89 /* LSPushGenericNaviController.m */,
				68F4C92818842BF400C52B51 /* LightspeedAPIManager.h */,
				68F4C92918842BF400C52B51 /* LightspeedAPIManager.m */,
				80B2403E171E4D2E0095E870 /* Supporting Files */,
			);
			path = LSPush;
			sourceTree = "<group>";
		};
		80B2403E171E4D2E0095E870 /* Supporting Files */ = {
			isa = PBXGroup;
			children = (
				80B2403F171E4D2E0095E870 /* LSPush-Info.plist */,
				80B24040171E4D2E0095E870 /* InfoPlist.strings */,
				80B24043171E4D2E0095E870 /* main.m */,
				80B24045171E4D2E0095E870 /* LSPush-Prefix.pch */,
				80B24049171E4D2E0095E870 /* Default.png */,
				80B2404B171E4D2E0095E870 /* Default@2x.png */,
				80B2404D171E4D2E0095E870 /* Default-568h@2x.png */,
			);
			name = "Supporting Files";
			sourceTree = "<group>";
		};
/* End PBXGroup section */

/* Begin PBXNativeTarget section */
		80B24033171E4D2E0095E870 /* LSPush */ = {
			isa = PBXNativeTarget;
			buildConfigurationList = 80B24057171E4D2E0095E870 /* Build configuration list for PBXNativeTarget "LSPush" */;
			buildPhases = (
				80B24030171E4D2E0095E870 /* Sources */,
				80B24031171E4D2E0095E870 /* Frameworks */,
				80B24032171E4D2E0095E870 /* Resources */,
			);
			buildRules = (
			);
			dependencies = (
			);
			name = LSPush;
			productName = LSPush;
			productReference = 80B24034171E4D2E0095E870 /* LSPush.app */;
			productType = "com.apple.product-type.application";
		};
/* End PBXNativeTarget section */

/* Begin PBXProject section */
		80B2402C171E4D2E0095E870 /* Project object */ = {
			isa = PBXProject;
			attributes = {
				LastUpgradeCheck = 0460;
				ORGANIZATIONNAME = Herxun;
			};
			buildConfigurationList = 80B2402F171E4D2E0095E870 /* Build configuration list for PBXProject "LSPush" */;
			compatibilityVersion = "Xcode 3.2";
			developmentRegion = English;
			hasScannedForEncodings = 0;
			knownRegions = (
				en,
			);
			mainGroup = 80B2402B171E4D2E0095E870;
			productRefGroup = 80B24035171E4D2E0095E870 /* Products */;
			projectDirPath = "";
			projectRoot = "";
			targets = (
				80B24033171E4D2E0095E870 /* LSPush */,
			);
		};
/* End PBXProject section */

/* Begin PBXResourcesBuildPhase section */
		80B24032171E4D2E0095E870 /* Resources */ = {
			isa = PBXResourcesBuildPhase;
			buildActionMask = 2147483647;
			files = (
				8032BFAA1883A63B00D81F89 /* push_bu02.png in Resources */,
				8032BFC01883A63B00D81F89 /* tabicon_video_up.png in Resources */,
				8032BFA71883A63B00D81F89 /* push_bu02_disable.png in Resources */,
				80B24042171E4D2E0095E870 /* InfoPlist.strings in Resources */,
				80B2404A171E4D2E0095E870 /* Default.png in Resources */,
				80B2404C171E4D2E0095E870 /* Default@2x.png in Resources */,
				8032BFB51883A63B00D81F89 /* push_bu05_up.png in Resources */,
				8032BFA91883A63B00D81F89 /* push_bu02_up.png in Resources */,
				8032BFA81883A63B00D81F89 /* push_bu02_down.png in Resources */,
				8032BFAF1883A63B00D81F89 /* push_bu04_disable.png in Resources */,
				68F4C91118841A5600C52B51 /* navbaricon_back.png in Resources */,
				8032BFB61883A63B00D81F89 /* push_bu05.png in Resources */,
				68F4C922188423EC00C52B51 /* 640x1136.png in Resources */,
				8032BFAD1883A63B00D81F89 /* push_bu03_up.png in Resources */,
				68F4C926188423EC00C52B51 /* login_bu_down.png in Resources */,
				8032BFA61883A63B00D81F89 /* push_bu01.png in Resources */,
				8032BFA31883A63B00D81F89 /* push_bu01_disable.png in Resources */,
				8032BFB81883A63B00D81F89 /* tabicon_image_up.png in Resources */,
				80B2404E171E4D2E0095E870 /* Default-568h@2x.png in Resources */,
				8032BFBC1883A63B00D81F89 /* tabicon_link_up.png in Resources */,
				68F4C924188423EC00C52B51 /* loading_indicator_bg.png in Resources */,
				8032BFB91883A63B00D81F89 /* tabicon_innerlink_select.png in Resources */,
				8032BFB71883A63B00D81F89 /* tabicon_image_select.png in Resources */,
				8032BFB31883A63B00D81F89 /* push_bu05_disable.png in Resources */,
				80B24051171E4D2E0095E870 /* MainStoryboard.storyboard in Resources */,
				68F4C91A18841C0D00C52B51 /* appicon-120.png in Resources */,
				801DC43C171E7FFE00910387 /* bg_640x1136.png in Resources */,
				68F4C91218841A5600C52B51 /* navbaricon_close.png in Resources */,
				68F4C925188423EC00C52B51 /* loading_indicator_done.png in Resources */,
				801DC43D171E7FFE00910387 /* bg_640x960.png in Resources */,
				801DC43E171E7FFE00910387 /* bu_email.png in Resources */,
				8032BFB21883A63B00D81F89 /* push_bu04.png in Resources */,
				8032BFB11883A63B00D81F89 /* push_bu04_up.png in Resources */,
				801DC43F171E7FFE00910387 /* bu_password.png in Resources */,
				68F4C927188423EC00C52B51 /* login_bu_up.png in Resources */,
				801DC440171E7FFE00910387 /* login_down.png in Resources */,
				68F4C923188423EC00C52B51 /* 640x960.png in Resources */,
				8032BFA41883A63B00D81F89 /* push_bu01_down.png in Resources */,
				8032BFBD1883A63B00D81F89 /* tabicon_message_select.png in Resources */,
				8032BFA11883A63B00D81F89 /* delete_down.png in Resources */,
				68F4C91318841A5600C52B51 /* navbaricon_logout.png in Resources */,
				801DC441171E7FFE00910387 /* login_up.png in Resources */,
				801DC442171E7FFE00910387 /* push_down.png in Resources */,
				8032BFB01883A63B00D81F89 /* push_bu04_down.png in Resources */,
				68F4C91418841A5600C52B51 /* navbaricon_news.png in Resources */,
				8032BFBE1883A63B00D81F89 /* tabicon_message_up.png in Resources */,
				8032BFBB1883A63B00D81F89 /* tabicon_link_select.png in Resources */,
				8032BFBF1883A63B00D81F89 /* tabicon_video_select.png in Resources */,
				68F4C91818841C0D00C52B51 /* appicon-57.png in Resources */,
				8032BFAE1883A63B00D81F89 /* push_bu03.png in Resources */,
				8032BFA21883A63B00D81F89 /* delete_up.png in Resources */,
				8032BFAB1883A63B00D81F89 /* push_bu03_disable.png in Resources */,
				8032BFA51883A63B00D81F89 /* push_bu01_up.png in Resources */,
				801DC443171E7FFE00910387 /* push_gray.png in Resources */,
				8032BFB41883A63B00D81F89 /* push_bu05_down.png in Resources */,
				801DC444171E7FFE00910387 /* push_up.png in Resources */,
				8032BFAC1883A63B00D81F89 /* push_bu03_down.png in Resources */,
				801DC447171E848C00910387 /* appicon.png in Resources */,
				68F4C91918841C0D00C52B51 /* appicon-114.png in Resources */,
				8032BFBA1883A63B00D81F89 /* tabicon_innerlink_up.png in Resources */,
				801DC448171E848C00910387 /* appicon@2x.png in Resources */,
			);
			runOnlyForDeploymentPostprocessing = 0;
		};
/* End PBXResourcesBuildPhase section */

/* Begin PBXSourcesBuildPhase section */
		80B24030171E4D2E0095E870 /* Sources */ = {
			isa = PBXSourcesBuildPhase;
			buildActionMask = 2147483647;
			files = (
				8032BFD21883A73100D81F89 /* LSPushSendVideoPushView.m in Sources */,
				80B24044171E4D2E0095E870 /* main.m in Sources */,
				8032BFC91883A6C800D81F89 /* LSPushSendImagePushView.m in Sources */,
				8032BF7A18839A7E00D81F89 /* UICommonUtility.m in Sources */,
				68F4C92D18843CEC00C52B51 /* LSTalkLoadingIndicatorView.m in Sources */,
				8032BF7818839A7E00D81F89 /* HXNavItemButton.m in Sources */,
				80B24048171E4D2E0095E870 /* LSPushAppDelegate.m in Sources */,
				8032BF6F188399CF00D81F89 /* LSPushGenericNaviController.m in Sources */,
				68F4C92A18842BF400C52B51 /* LightspeedAPIManager.m in Sources */,
				80B24054171E4D2E0095E870 /* ViewController.m in Sources */,
				8032BF7F18839D4700D81F89 /* LSPushSenderViewController.m in Sources */,
				8032BFC61883A6A100D81F89 /* LSPushSendLinkPushView.m in Sources */,
				8032BF7918839A7E00D81F89 /* PlaceholderTextView.m in Sources */,
				8032BFCC1883A6E000D81F89 /* LSPushSendInnerLinkPushView.m in Sources */,
				8032BFC31883A68C00D81F89 /* LSPushSendTextPushView.m in Sources */,
			);
			runOnlyForDeploymentPostprocessing = 0;
		};
/* End PBXSourcesBuildPhase section */

/* Begin PBXVariantGroup section */
		80B24040171E4D2E0095E870 /* InfoPlist.strings */ = {
			isa = PBXVariantGroup;
			children = (
				80B24041171E4D2E0095E870 /* en */,
			);
			name = InfoPlist.strings;
			sourceTree = "<group>";
		};
		80B2404F171E4D2E0095E870 /* MainStoryboard.storyboard */ = {
			isa = PBXVariantGroup;
			children = (
				80B24050171E4D2E0095E870 /* en */,
			);
			name = MainStoryboard.storyboard;
			sourceTree = "<group>";
		};
/* End PBXVariantGroup section */

/* Begin XCBuildConfiguration section */
		80B24055171E4D2E0095E870 /* Debug */ = {
			isa = XCBuildConfiguration;
			buildSettings = {
				ALWAYS_SEARCH_USER_PATHS = NO;
				CLANG_CXX_LANGUAGE_STANDARD = "gnu++0x";
				CLANG_CXX_LIBRARY = "libc++";
				CLANG_WARN_CONSTANT_CONVERSION = YES;
				CLANG_WARN_EMPTY_BODY = YES;
				CLANG_WARN_ENUM_CONVERSION = YES;
				CLANG_WARN_INT_CONVERSION = YES;
				CLANG_WARN__DUPLICATE_METHOD_MATCH = YES;
				"CODE_SIGN_IDENTITY[sdk=iphoneos*]" = "iPhone Developer";
				COPY_PHASE_STRIP = NO;
				GCC_C_LANGUAGE_STANDARD = gnu99;
				GCC_DYNAMIC_NO_PIC = NO;
				GCC_OPTIMIZATION_LEVEL = 0;
				GCC_PREPROCESSOR_DEFINITIONS = (
					"DEBUG=1",
					"$(inherited)",
				);
				GCC_SYMBOLS_PRIVATE_EXTERN = NO;
				GCC_WARN_ABOUT_RETURN_TYPE = YES;
				GCC_WARN_UNINITIALIZED_AUTOS = YES;
				GCC_WARN_UNUSED_VARIABLE = YES;
				IPHONEOS_DEPLOYMENT_TARGET = 6.1;
				ONLY_ACTIVE_ARCH = YES;
				OTHER_LDFLAGS = "-all_load";
				SDKROOT = iphoneos;
			};
			name = Debug;
		};
		80B24056171E4D2E0095E870 /* Release */ = {
			isa = XCBuildConfiguration;
			buildSettings = {
				ALWAYS_SEARCH_USER_PATHS = NO;
				CLANG_CXX_LANGUAGE_STANDARD = "gnu++0x";
				CLANG_CXX_LIBRARY = "libc++";
				CLANG_WARN_CONSTANT_CONVERSION = YES;
				CLANG_WARN_EMPTY_BODY = YES;
				CLANG_WARN_ENUM_CONVERSION = YES;
				CLANG_WARN_INT_CONVERSION = YES;
				CLANG_WARN__DUPLICATE_METHOD_MATCH = YES;
				"CODE_SIGN_IDENTITY[sdk=iphoneos*]" = "iPhone Developer";
				COPY_PHASE_STRIP = YES;
				GCC_C_LANGUAGE_STANDARD = gnu99;
				GCC_WARN_ABOUT_RETURN_TYPE = YES;
				GCC_WARN_UNINITIALIZED_AUTOS = YES;
				GCC_WARN_UNUSED_VARIABLE = YES;
				IPHONEOS_DEPLOYMENT_TARGET = 6.1;
				OTHER_CFLAGS = "-DNS_BLOCK_ASSERTIONS=1";
				OTHER_LDFLAGS = "-all_load";
				SDKROOT = iphoneos;
				VALIDATE_PRODUCT = YES;
			};
			name = Release;
		};
		80B24058171E4D2E0095E870 /* Debug */ = {
			isa = XCBuildConfiguration;
			buildSettings = {
				CLANG_ENABLE_OBJC_ARC = YES;
				CODE_SIGN_ENTITLEMENTS = LSPush/LSPush.entitlements;
				CODE_SIGN_IDENTITY = "iPhone Developer";
				"CODE_SIGN_IDENTITY[sdk=iphoneos*]" = "iPhone Developer";
				GCC_PRECOMPILE_PREFIX_HEADER = YES;
				GCC_PREFIX_HEADER = "LSPush/LSPush-Prefix.pch";
				HEADER_SEARCH_PATHS = "../LightspeedSDK2.0/**";
				INFOPLIST_FILE = "LSPush/LSPush-Info.plist";
				LIBRARY_SEARCH_PATHS = (
					"$(inherited)",
					"\"$(SRCROOT)/LightspeedSDK2.0\"",
				);
				OTHER_LDFLAGS = "-all_load";
				PRODUCT_NAME = "$(TARGET_NAME)";
				PROVISIONING_PROFILE = "25EF59A1-5186-440F-B926-D354BE30891E";
				"PROVISIONING_PROFILE[sdk=iphoneos*]" = "25EF59A1-5186-440F-B926-D354BE30891E";
				WRAPPER_EXTENSION = app;
			};
			name = Debug;
		};
		80B24059171E4D2E0095E870 /* Release */ = {
			isa = XCBuildConfiguration;
			buildSettings = {
				CLANG_ENABLE_OBJC_ARC = YES;
				CODE_SIGN_ENTITLEMENTS = LSPush/LSPush.entitlements;
				CODE_SIGN_IDENTITY = "iPhone Developer";
				"CODE_SIGN_IDENTITY[sdk=iphoneos*]" = "iPhone Developer";
				GCC_PRECOMPILE_PREFIX_HEADER = YES;
				GCC_PREFIX_HEADER = "LSPush/LSPush-Prefix.pch";
				HEADER_SEARCH_PATHS = "../LightspeedSDK2.0/**";
				INFOPLIST_FILE = "LSPush/LSPush-Info.plist";
				LIBRARY_SEARCH_PATHS = (
					"$(inherited)",
					"\"$(SRCROOT)/LightspeedSDK2.0\"",
				);
				OTHER_LDFLAGS = "-all_load";
				PRODUCT_NAME = "$(TARGET_NAME)";
				PROVISIONING_PROFILE = "25EF59A1-5186-440F-B926-D354BE30891E";
				"PROVISIONING_PROFILE[sdk=iphoneos*]" = "25EF59A1-5186-440F-B926-D354BE30891E";
				WRAPPER_EXTENSION = app;
			};
			name = Release;
		};
/* End XCBuildConfiguration section */

/* Begin XCConfigurationList section */
		80B2402F171E4D2E0095E870 /* Build configuration list for PBXProject "LSPush" */ = {
			isa = XCConfigurationList;
			buildConfigurations = (
				80B24055171E4D2E0095E870 /* Debug */,
				80B24056171E4D2E0095E870 /* Release */,
			);
			defaultConfigurationIsVisible = 0;
			defaultConfigurationName = Release;
		};
		80B24057171E4D2E0095E870 /* Build configuration list for PBXNativeTarget "LSPush" */ = {
			isa = XCConfigurationList;
			buildConfigurations = (
				80B24058171E4D2E0095E870 /* Debug */,
				80B24059171E4D2E0095E870 /* Release */,
			);
			defaultConfigurationIsVisible = 0;
			defaultConfigurationName = Release;
		};
/* End XCConfigurationList section */
	};
	rootObject = 80B2402C171E4D2E0095E870 /* Project object */;
}
